// !$*UTF8*$!
{
	archiveVersion = 1;
	classes = {
	};
	objectVersion = 46;
	objects = {

/* Begin PBXBuildFile section */
		2ADC6F321DF7DC66003C2452 /* AppDelegate.swift in Sources */ = {isa = PBXBuildFile; fileRef = 2ADC6F311DF7DC66003C2452 /* AppDelegate.swift */; };
		2ADC6F371DF7DC66003C2452 /* Main.storyboard in Resources */ = {isa = PBXBuildFile; fileRef = 2ADC6F351DF7DC66003C2452 /* Main.storyboard */; };
		2ADC6F391DF7DC66003C2452 /* Assets.xcassets in Resources */ = {isa = PBXBuildFile; fileRef = 2ADC6F381DF7DC66003C2452 /* Assets.xcassets */; };
		2ADC6F3C1DF7DC66003C2452 /* LaunchScreen.storyboard in Resources */ = {isa = PBXBuildFile; fileRef = 2ADC6F3A1DF7DC66003C2452 /* LaunchScreen.storyboard */; };
		2ADC6F471DF7DC66003C2452 /* TacoPopTests.swift in Sources */ = {isa = PBXBuildFile; fileRef = 2ADC6F461DF7DC66003C2452 /* TacoPopTests.swift */; };
		2ADC6F581DF7DD24003C2452 /* MainVC.swift in Sources */ = {isa = PBXBuildFile; fileRef = 2ADC6F571DF7DD24003C2452 /* MainVC.swift */; };
		2ADC6F5A1DF7DED1003C2452 /* DropShadow.swift in Sources */ = {isa = PBXBuildFile; fileRef = 2ADC6F591DF7DED1003C2452 /* DropShadow.swift */; };
		2ADC6F5C1DF7DFDC003C2452 /* HeaderView.swift in Sources */ = {isa = PBXBuildFile; fileRef = 2ADC6F5B1DF7DFDC003C2452 /* HeaderView.swift */; };
		2ADC6F5E1DF7E132003C2452 /* Taco.swift in Sources */ = {isa = PBXBuildFile; fileRef = 2ADC6F5D1DF7E132003C2452 /* Taco.swift */; };
		2ADC6F601DF7E56A003C2452 /* DataService.swift in Sources */ = {isa = PBXBuildFile; fileRef = 2ADC6F5F1DF7E56A003C2452 /* DataService.swift */; };
		2ADC6F631DF7E772003C2452 /* TacoCell.swift in Sources */ = {isa = PBXBuildFile; fileRef = 2ADC6F611DF7E772003C2452 /* TacoCell.swift */; };
		2ADC6F641DF7E772003C2452 /* TacoCell.xib in Resources */ = {isa = PBXBuildFile; fileRef = 2ADC6F621DF7E772003C2452 /* TacoCell.xib */; };
		2ADC6F661DF7EE96003C2452 /* ReusableView.swift in Sources */ = {isa = PBXBuildFile; fileRef = 2ADC6F651DF7EE96003C2452 /* ReusableView.swift */; };
		2ADC6F681DF7EF4A003C2452 /* NibLoadableView.swift in Sources */ = {isa = PBXBuildFile; fileRef = 2ADC6F671DF7EF4A003C2452 /* NibLoadableView.swift */; };
		2ADC6F6A1DF7EFE0003C2452 /* UICollectionView+Ext.swift in Sources */ = {isa = PBXBuildFile; fileRef = 2ADC6F691DF7EFE0003C2452 /* UICollectionView+Ext.swift */; };
		2ADC6F6C1DF7F512003C2452 /* MutableCollection+Ext.swift in Sources */ = {isa = PBXBuildFile; fileRef = 2ADC6F6B1DF7F512003C2452 /* MutableCollection+Ext.swift */; };
		2ADC6F6E1DF7F6FF003C2452 /* Shakable.swift in Sources */ = {isa = PBXBuildFile; fileRef = 2ADC6F6D1DF7F6FF003C2452 /* Shakable.swift */; };
/* End PBXBuildFile section */

/* Begin PBXContainerItemProxy section */
		2ADC6F431DF7DC66003C2452 /* PBXContainerItemProxy */ = {
			isa = PBXContainerItemProxy;
			containerPortal = 2ADC6F261DF7DC65003C2452 /* Project object */;
			proxyType = 1;
			remoteGlobalIDString = 2ADC6F2D1DF7DC66003C2452;
			remoteInfo = TacoPop;
		};
/* End PBXContainerItemProxy section */

/* Begin PBXFileReference section */
		2ADC6F2E1DF7DC66003C2452 /* TacoPop.app */ = {isa = PBXFileReference; explicitFileType = wrapper.application; includeInIndex = 0; path = TacoPop.app; sourceTree = BUILT_PRODUCTS_DIR; };
		2ADC6F311DF7DC66003C2452 /* AppDelegate.swift */ = {isa = PBXFileReference; lastKnownFileType = sourcecode.swift; path = AppDelegate.swift; sourceTree = "<group>"; };
		2ADC6F361DF7DC66003C2452 /* Base */ = {isa = PBXFileReference; lastKnownFileType = file.storyboard; name = Base; path = Base.lproj/Main.storyboard; sourceTree = "<group>"; };
		2ADC6F381DF7DC66003C2452 /* Assets.xcassets */ = {isa = PBXFileReference; lastKnownFileType = folder.assetcatalog; path = Assets.xcassets; sourceTree = "<group>"; };
		2ADC6F3B1DF7DC66003C2452 /* Base */ = {isa = PBXFileReference; lastKnownFileType = file.storyboard; name = Base; path = Base.lproj/LaunchScreen.storyboard; sourceTree = "<group>"; };
		2ADC6F3D1DF7DC66003C2452 /* Info.plist */ = {isa = PBXFileReference; lastKnownFileType = text.plist.xml; path = Info.plist; sourceTree = "<group>"; };
		2ADC6F421DF7DC66003C2452 /* TacoPopTests.xctest */ = {isa = PBXFileReference; explicitFileType = wrapper.cfbundle; includeInIndex = 0; path = TacoPopTests.xctest; sourceTree = BUILT_PRODUCTS_DIR; };
		2ADC6F461DF7DC66003C2452 /* TacoPopTests.swift */ = {isa = PBXFileReference; lastKnownFileType = sourcecode.swift; path = TacoPopTests.swift; sourceTree = "<group>"; };
		2ADC6F481DF7DC66003C2452 /* Info.plist */ = {isa = PBXFileReference; lastKnownFileType = text.plist.xml; path = Info.plist; sourceTree = "<group>"; };
		2ADC6F571DF7DD24003C2452 /* MainVC.swift */ = {isa = PBXFileReference; fileEncoding = 4; lastKnownFileType = sourcecode.swift; path = MainVC.swift; sourceTree = "<group>"; };
		2ADC6F591DF7DED1003C2452 /* DropShadow.swift */ = {isa = PBXFileReference; fileEncoding = 4; lastKnownFileType = sourcecode.swift; path = DropShadow.swift; sourceTree = "<group>"; };
		2ADC6F5B1DF7DFDC003C2452 /* HeaderView.swift */ = {isa = PBXFileReference; fileEncoding = 4; lastKnownFileType = sourcecode.swift; path = HeaderView.swift; sourceTree = "<group>"; };
		2ADC6F5D1DF7E132003C2452 /* Taco.swift */ = {isa = PBXFileReference; fileEncoding = 4; lastKnownFileType = sourcecode.swift; path = Taco.swift; sourceTree = "<group>"; };
		2ADC6F5F1DF7E56A003C2452 /* DataService.swift */ = {isa = PBXFileReference; fileEncoding = 4; lastKnownFileType = sourcecode.swift; path = DataService.swift; sourceTree = "<group>"; };
		2ADC6F611DF7E772003C2452 /* TacoCell.swift */ = {isa = PBXFileReference; fileEncoding = 4; lastKnownFileType = sourcecode.swift; path = TacoCell.swift; sourceTree = "<group>"; };
		2ADC6F621DF7E772003C2452 /* TacoCell.xib */ = {isa = PBXFileReference; fileEncoding = 4; lastKnownFileType = file.xib; path = TacoCell.xib; sourceTree = "<group>"; };
		2ADC6F651DF7EE96003C2452 /* ReusableView.swift */ = {isa = PBXFileReference; fileEncoding = 4; lastKnownFileType = sourcecode.swift; path = ReusableView.swift; sourceTree = "<group>"; };
		2ADC6F671DF7EF4A003C2452 /* NibLoadableView.swift */ = {isa = PBXFileReference; fileEncoding = 4; lastKnownFileType = sourcecode.swift; path = NibLoadableView.swift; sourceTree = "<group>"; };
		2ADC6F691DF7EFE0003C2452 /* UICollectionView+Ext.swift */ = {isa = PBXFileReference; fileEncoding = 4; lastKnownFileType = sourcecode.swift; path = "UICollectionView+Ext.swift"; sourceTree = "<group>"; };
		2ADC6F6B1DF7F512003C2452 /* MutableCollection+Ext.swift */ = {isa = PBXFileReference; fileEncoding = 4; lastKnownFileType = sourcecode.swift; path = "MutableCollection+Ext.swift"; sourceTree = "<group>"; };
		2ADC6F6D1DF7F6FF003C2452 /* Shakable.swift */ = {isa = PBXFileReference; fileEncoding = 4; lastKnownFileType = sourcecode.swift; path = Shakable.swift; sourceTree = "<group>"; };
/* End PBXFileReference section */

/* Begin PBXFrameworksBuildPhase section */
		2ADC6F2B1DF7DC66003C2452 /* Frameworks */ = {
			isa = PBXFrameworksBuildPhase;
			buildActionMask = 2147483647;
			files = (
			);
			runOnlyForDeploymentPostprocessing = 0;
		};
		2ADC6F3F1DF7DC66003C2452 /* Frameworks */ = {
			isa = PBXFrameworksBuildPhase;
			buildActionMask = 2147483647;
			files = (
			);
			runOnlyForDeploymentPostprocessing = 0;
		};
/* End PBXFrameworksBuildPhase section */

/* Begin PBXGroup section */
		2ADC6F251DF7DC65003C2452 = {
			isa = PBXGroup;
			children = (
				2ADC6F301DF7DC66003C2452 /* TacoPop */,
				2ADC6F451DF7DC66003C2452 /* TacoPopTests */,
				2ADC6F2F1DF7DC66003C2452 /* Products */,
			);
			sourceTree = "<group>";
		};
		2ADC6F2F1DF7DC66003C2452 /* Products */ = {
			isa = PBXGroup;
			children = (
				2ADC6F2E1DF7DC66003C2452 /* TacoPop.app */,
				2ADC6F421DF7DC66003C2452 /* TacoPopTests.xctest */,
			);
			name = Products;
			sourceTree = "<group>";
		};
		2ADC6F301DF7DC66003C2452 /* TacoPop */ = {
			isa = PBXGroup;
			children = (
				2ADC6F551DF7DCC8003C2452 /* Extensions */,
				2ADC6F541DF7DCAF003C2452 /* Protocols */,
				2ADC6F531DF7DC9D003C2452 /* Model */,
				2ADC6F521DF7DC97003C2452 /* View */,
				2ADC6F511DF7DC7B003C2452 /* Controller */,
				2ADC6F561DF7DCDD003C2452 /* Resources */,
				2ADC6F351DF7DC66003C2452 /* Main.storyboard */,
				2ADC6F3A1DF7DC66003C2452 /* LaunchScreen.storyboard */,
			);
			path = TacoPop;
			sourceTree = "<group>";
		};
		2ADC6F451DF7DC66003C2452 /* TacoPopTests */ = {
			isa = PBXGroup;
			children = (
				2ADC6F461DF7DC66003C2452 /* TacoPopTests.swift */,
				2ADC6F481DF7DC66003C2452 /* Info.plist */,
			);
			path = TacoPopTests;
			sourceTree = "<group>";
		};
		2ADC6F511DF7DC7B003C2452 /* Controller */ = {
			isa = PBXGroup;
			children = (
				2ADC6F311DF7DC66003C2452 /* AppDelegate.swift */,
				2ADC6F571DF7DD24003C2452 /* MainVC.swift */,
			);
			name = Controller;
			sourceTree = "<group>";
		};
		2ADC6F521DF7DC97003C2452 /* View */ = {
			isa = PBXGroup;
			children = (
				2ADC6F5B1DF7DFDC003C2452 /* HeaderView.swift */,
				2ADC6F611DF7E772003C2452 /* TacoCell.swift */,
				2ADC6F621DF7E772003C2452 /* TacoCell.xib */,
			);
			name = View;
			sourceTree = "<group>";
		};
		2ADC6F531DF7DC9D003C2452 /* Model */ = {
			isa = PBXGroup;
			children = (
				2ADC6F5D1DF7E132003C2452 /* Taco.swift */,
				2ADC6F5F1DF7E56A003C2452 /* DataService.swift */,
			);
			name = Model;
			sourceTree = "<group>";
		};
		2ADC6F541DF7DCAF003C2452 /* Protocols */ = {
			isa = PBXGroup;
			children = (
				2ADC6F591DF7DED1003C2452 /* DropShadow.swift */,
				2ADC6F651DF7EE96003C2452 /* ReusableView.swift */,
				2ADC6F671DF7EF4A003C2452 /* NibLoadableView.swift */,
				2ADC6F6D1DF7F6FF003C2452 /* Shakable.swift */,
			);
			name = Protocols;
			sourceTree = "<group>";
		};
		2ADC6F551DF7DCC8003C2452 /* Extensions */ = {
			isa = PBXGroup;
			children = (
				2ADC6F691DF7EFE0003C2452 /* UICollectionView+Ext.swift */,
				2ADC6F6B1DF7F512003C2452 /* MutableCollection+Ext.swift */,
			);
			name = Extensions;
			sourceTree = "<group>";
		};
		2ADC6F561DF7DCDD003C2452 /* Resources */ = {
			isa = PBXGroup;
			children = (
				2ADC6F381DF7DC66003C2452 /* Assets.xcassets */,
				2ADC6F3D1DF7DC66003C2452 /* Info.plist */,
			);
			name = Resources;
			sourceTree = "<group>";
		};
/* End PBXGroup section */

/* Begin PBXNativeTarget section */
		2ADC6F2D1DF7DC66003C2452 /* TacoPop */ = {
			isa = PBXNativeTarget;
			buildConfigurationList = 2ADC6F4B1DF7DC66003C2452 /* Build configuration list for PBXNativeTarget "TacoPop" */;
			buildPhases = (
				2ADC6F2A1DF7DC66003C2452 /* Sources */,
				2ADC6F2B1DF7DC66003C2452 /* Frameworks */,
				2ADC6F2C1DF7DC66003C2452 /* Resources */,
			);
			buildRules = (
			);
			dependencies = (
			);
			name = TacoPop;
			productName = TacoPop;
			productReference = 2ADC6F2E1DF7DC66003C2452 /* TacoPop.app */;
			productType = "com.apple.product-type.application";
		};
		2ADC6F411DF7DC66003C2452 /* TacoPopTests */ = {
			isa = PBXNativeTarget;
			buildConfigurationList = 2ADC6F4E1DF7DC66003C2452 /* Build configuration list for PBXNativeTarget "TacoPopTests" */;
			buildPhases = (
				2ADC6F3E1DF7DC66003C2452 /* Sources */,
				2ADC6F3F1DF7DC66003C2452 /* Frameworks */,
				2ADC6F401DF7DC66003C2452 /* Resources */,
			);
			buildRules = (
			);
			dependencies = (
				2ADC6F441DF7DC66003C2452 /* PBXTargetDependency */,
			);
			name = TacoPopTests;
			productName = TacoPopTests;
			productReference = 2ADC6F421DF7DC66003C2452 /* TacoPopTests.xctest */;
			productType = "com.apple.product-type.bundle.unit-test";
		};
/* End PBXNativeTarget section */

/* Begin PBXProject section */
		2ADC6F261DF7DC65003C2452 /* Project object */ = {
			isa = PBXProject;
			attributes = {
				LastSwiftUpdateCheck = 0810;
				LastUpgradeCheck = 0810;
				ORGANIZATIONNAME = Kimar;
				TargetAttributes = {
					2ADC6F2D1DF7DC66003C2452 = {
						CreatedOnToolsVersion = 8.1;
						DevelopmentTeam = 68P9D67JUK;
						ProvisioningStyle = Automatic;
					};
					2ADC6F411DF7DC66003C2452 = {
						CreatedOnToolsVersion = 8.1;
						DevelopmentTeam = 68P9D67JUK;
						ProvisioningStyle = Automatic;
						TestTargetID = 2ADC6F2D1DF7DC66003C2452;
					};
				};
			};
			buildConfigurationList = 2ADC6F291DF7DC66003C2452 /* Build configuration list for PBXProject "TacoPop" */;
			compatibilityVersion = "Xcode 3.2";
			developmentRegion = English;
			hasScannedForEncodings = 0;
			knownRegions = (
				en,
				Base,
			);
			mainGroup = 2ADC6F251DF7DC65003C2452;
			productRefGroup = 2ADC6F2F1DF7DC66003C2452 /* Products */;
			projectDirPath = "";
			projectRoot = "";
			targets = (
				2ADC6F2D1DF7DC66003C2452 /* TacoPop */,
				2ADC6F411DF7DC66003C2452 /* TacoPopTests */,
			);
		};
/* End PBXProject section */

/* Begin PBXResourcesBuildPhase section */
		2ADC6F2C1DF7DC66003C2452 /* Resources */ = {
			isa = PBXResourcesBuildPhase;
			buildActionMask = 2147483647;
			files = (
				2ADC6F641DF7E772003C2452 /* TacoCell.xib in Resources */,
				2ADC6F3C1DF7DC66003C2452 /* LaunchScreen.storyboard in Resources */,
				2ADC6F391DF7DC66003C2452 /* Assets.xcassets in Resources */,
				2ADC6F371DF7DC66003C2452 /* Main.storyboard in Resources */,
			);
			runOnlyForDeploymentPostprocessing = 0;
		};
		2ADC6F401DF7DC66003C2452 /* Resources */ = {
			isa = PBXResourcesBuildPhase;
			buildActionMask = 2147483647;
			files = (
			);
			runOnlyForDeploymentPostprocessing = 0;
		};
/* End PBXResourcesBuildPhase section */

/* Begin PBXSourcesBuildPhase section */
		2ADC6F2A1DF7DC66003C2452 /* Sources */ = {
			isa = PBXSourcesBuildPhase;
			buildActionMask = 2147483647;
			files = (
				2ADC6F6E1DF7F6FF003C2452 /* Shakable.swift in Sources */,
				2ADC6F631DF7E772003C2452 /* TacoCell.swift in Sources */,
				2ADC6F6C1DF7F512003C2452 /* MutableCollection+Ext.swift in Sources */,
				2ADC6F321DF7DC66003C2452 /* AppDelegate.swift in Sources */,
				2ADC6F5A1DF7DED1003C2452 /* DropShadow.swift in Sources */,
				2ADC6F681DF7EF4A003C2452 /* NibLoadableView.swift in Sources */,
				2ADC6F6A1DF7EFE0003C2452 /* UICollectionView+Ext.swift in Sources */,
				2ADC6F661DF7EE96003C2452 /* ReusableView.swift in Sources */,
				2ADC6F581DF7DD24003C2452 /* MainVC.swift in Sources */,
				2ADC6F601DF7E56A003C2452 /* DataService.swift in Sources */,
				2ADC6F5E1DF7E132003C2452 /* Taco.swift in Sources */,
				2ADC6F5C1DF7DFDC003C2452 /* HeaderView.swift in Sources */,
			);
			runOnlyForDeploymentPostprocessing = 0;
		};
		2ADC6F3E1DF7DC66003C2452 /* Sources */ = {
			isa = PBXSourcesBuildPhase;
			buildActionMask = 2147483647;
			files = (
				2ADC6F471DF7DC66003C2452 /* TacoPopTests.swift in Sources */,
			);
			runOnlyForDeploymentPostprocessing = 0;
		};
/* End PBXSourcesBuildPhase section */

/* Begin PBXTargetDependency section */
		2ADC6F441DF7DC66003C2452 /* PBXTargetDependency */ = {
			isa = PBXTargetDependency;
			target = 2ADC6F2D1DF7DC66003C2452 /* TacoPop */;
			targetProxy = 2ADC6F431DF7DC66003C2452 /* PBXContainerItemProxy */;
		};
/* End PBXTargetDependency section */

/* Begin PBXVariantGroup section */
		2ADC6F351DF7DC66003C2452 /* Main.storyboard */ = {
			isa = PBXVariantGroup;
			children = (
				2ADC6F361DF7DC66003C2452 /* Base */,
			);
			name = Main.storyboard;
			sourceTree = "<group>";
		};
		2ADC6F3A1DF7DC66003C2452 /* LaunchScreen.storyboard */ = {
			isa = PBXVariantGroup;
			children = (
				2ADC6F3B1DF7DC66003C2452 /* Base */,
			);
			name = LaunchScreen.storyboard;
			sourceTree = "<group>";
		};
/* End PBXVariantGroup section */

/* Begin XCBuildConfiguration section */
		2ADC6F491DF7DC66003C2452 /* Debug */ = {
			isa = XCBuildConfiguration;
			buildSettings = {
				ALWAYS_SEARCH_USER_PATHS = NO;
				CLANG_ANALYZER_NONNULL = YES;
				CLANG_CXX_LANGUAGE_STANDARD = "gnu++0x";
				CLANG_CXX_LIBRARY = "libc++";
				CLANG_ENABLE_MODULES = YES;
				CLANG_ENABLE_OBJC_ARC = YES;
				CLANG_WARN_BOOL_CONVERSION = YES;
				CLANG_WARN_CONSTANT_CONVERSION = YES;
				CLANG_WARN_DIRECT_OBJC_ISA_USAGE = YES_ERROR;
				CLANG_WARN_DOCUMENTATION_COMMENTS = YES;
				CLANG_WARN_EMPTY_BODY = YES;
				CLANG_WARN_ENUM_CONVERSION = YES;
				CLANG_WARN_INFINITE_RECURSION = YES;
				CLANG_WARN_INT_CONVERSION = YES;
				CLANG_WARN_OBJC_ROOT_CLASS = YES_ERROR;
				CLANG_WARN_SUSPICIOUS_MOVES = YES;
				CLANG_WARN_UNREACHABLE_CODE = YES;
				CLANG_WARN__DUPLICATE_METHOD_MATCH = YES;
				"CODE_SIGN_IDENTITY[sdk=iphoneos*]" = "iPhone Developer";
				COPY_PHASE_STRIP = NO;
				DEBUG_INFORMATION_FORMAT = dwarf;
				ENABLE_STRICT_OBJC_MSGSEND = YES;
				ENABLE_TESTABILITY = YES;
				GCC_C_LANGUAGE_STANDARD = gnu99;
				GCC_DYNAMIC_NO_PIC = NO;
				GCC_NO_COMMON_BLOCKS = YES;
				GCC_OPTIMIZATION_LEVEL = 0;
				GCC_PREPROCESSOR_DEFINITIONS = (
					"DEBUG=1",
					"$(inherited)",
				);
				GCC_WARN_64_TO_32_BIT_CONVERSION = YES;
				GCC_WARN_ABOUT_RETURN_TYPE = YES_ERROR;
				GCC_WARN_UNDECLARED_SELECTOR = YES;
				GCC_WARN_UNINITIALIZED_AUTOS = YES_AGGRESSIVE;
				GCC_WARN_UNUSED_FUNCTION = YES;
				GCC_WARN_UNUSED_VARIABLE = YES;
				IPHONEOS_DEPLOYMENT_TARGET = 10.1;
				MTL_ENABLE_DEBUG_INFO = YES;
				ONLY_ACTIVE_ARCH = YES;
				SDKROOT = iphoneos;
				SWIFT_ACTIVE_COMPILATION_CONDITIONS = DEBUG;
				SWIFT_OPTIMIZATION_LEVEL = "-Onone";
			};
			name = Debug;
		};
		2ADC6F4A1DF7DC66003C2452 /* Release */ = {
			isa = XCBuildConfiguration;
			buildSettings = {
				ALWAYS_SEARCH_USER_PATHS = NO;
				CLANG_ANALYZER_NONNULL = YES;
				CLANG_CXX_LANGUAGE_STANDARD = "gnu++0x";
				CLANG_CXX_LIBRARY = "libc++";
				CLANG_ENABLE_MODULES = YES;
				CLANG_ENABLE_OBJC_ARC = YES;
				CLANG_WARN_BOOL_CONVERSION = YES;
				CLANG_WARN_CONSTANT_CONVERSION = YES;
				CLANG_WARN_DIRECT_OBJC_ISA_USAGE = YES_ERROR;
				CLANG_WARN_DOCUMENTATION_COMMENTS = YES;
				CLANG_WARN_EMPTY_BODY = YES;
				CLANG_WARN_ENUM_CONVERSION = YES;
				CLANG_WARN_INFINITE_RECURSION = YES;
				CLANG_WARN_INT_CONVERSION = YES;
				CLANG_WARN_OBJC_ROOT_CLASS = YES_ERROR;
				CLANG_WARN_SUSPICIOUS_MOVES = YES;
				CLANG_WARN_UNREACHABLE_CODE = YES;
				CLANG_WARN__DUPLICATE_METHOD_MATCH = YES;
				"CODE_SIGN_IDENTITY[sdk=iphoneos*]" = "iPhone Developer";
				COPY_PHASE_STRIP = NO;
				DEBUG_INFORMATION_FORMAT = "dwarf-with-dsym";
				ENABLE_NS_ASSERTIONS = NO;
				ENABLE_STRICT_OBJC_MSGSEND = YES;
				GCC_C_LANGUAGE_STANDARD = gnu99;
				GCC_NO_COMMON_BLOCKS = YES;
				GCC_WARN_64_TO_32_BIT_CONVERSION = YES;
				GCC_WARN_ABOUT_RETURN_TYPE = YES_ERROR;
				GCC_WARN_UNDECLARED_SELECTOR = YES;
				GCC_WARN_UNINITIALIZED_AUTOS = YES_AGGRESSIVE;
				GCC_WARN_UNUSED_FUNCTION = YES;
				GCC_WARN_UNUSED_VARIABLE = YES;
				IPHONEOS_DEPLOYMENT_TARGET = 10.1;
				MTL_ENABLE_DEBUG_INFO = NO;
				SDKROOT = iphoneos;
				SWIFT_OPTIMIZATION_LEVEL = "-Owholemodule";
				VALIDATE_PRODUCT = YES;
			};
			name = Release;
		};
		2ADC6F4C1DF7DC66003C2452 /* Debug */ = {
			isa = XCBuildConfiguration;
			buildSettings = {
				ASSETCATALOG_COMPILER_APPICON_NAME = AppIcon;
				DEVELOPMENT_TEAM = 68P9D67JUK;
				INFOPLIST_FILE = TacoPop/Info.plist;
				LD_RUNPATH_SEARCH_PATHS = "$(inherited) @executable_path/Frameworks";
				PRODUCT_BUNDLE_IDENTIFIER = br.eng.kimar.TacoPop;
				PRODUCT_NAME = "$(TARGET_NAME)";
				SWIFT_VERSION = 3.0;
			};
			name = Debug;
		};
		2ADC6F4D1DF7DC66003C2452 /* Release */ = {
			isa = XCBuildConfiguration;
			buildSettings = {
				ASSETCATALOG_COMPILER_APPICON_NAME = AppIcon;
				DEVELOPMENT_TEAM = 68P9D67JUK;
				INFOPLIST_FILE = TacoPop/Info.plist;
				LD_RUNPATH_SEARCH_PATHS = "$(inherited) @executable_path/Frameworks";
				PRODUCT_BUNDLE_IDENTIFIER = br.eng.kimar.TacoPop;
				PRODUCT_NAME = "$(TARGET_NAME)";
				SWIFT_VERSION = 3.0;
			};
			name = Release;
		};
		2ADC6F4F1DF7DC66003C2452 /* Debug */ = {
			isa = XCBuildConfiguration;
			buildSettings = {
				ALWAYS_EMBED_SWIFT_STANDARD_LIBRARIES = YES;
				BUNDLE_LOADER = "$(TEST_HOST)";
				DEVELOPMENT_TEAM = 68P9D67JUK;
				INFOPLIST_FILE = TacoPopTests/Info.plist;
				LD_RUNPATH_SEARCH_PATHS = "$(inherited) @executable_path/Frameworks @loader_path/Frameworks";
				PRODUCT_BUNDLE_IDENTIFIER = br.eng.kimar.TacoPopTests;
				PRODUCT_NAME = "$(TARGET_NAME)";
				SWIFT_VERSION = 3.0;
				TEST_HOST = "$(BUILT_PRODUCTS_DIR)/TacoPop.app/TacoPop";
			};
			name = Debug;
		};
		2ADC6F501DF7DC66003C2452 /* Release */ = {
			isa = XCBuildConfiguration;
			buildSettings = {
				ALWAYS_EMBED_SWIFT_STANDARD_LIBRARIES = YES;
				BUNDLE_LOADER = "$(TEST_HOST)";
				DEVELOPMENT_TEAM = 68P9D67JUK;
				INFOPLIST_FILE = TacoPopTests/Info.plist;
				LD_RUNPATH_SEARCH_PATHS = "$(inherited) @executable_path/Frameworks @loader_path/Frameworks";
				PRODUCT_BUNDLE_IDENTIFIER = br.eng.kimar.TacoPopTests;
				PRODUCT_NAME = "$(TARGET_NAME)";
				SWIFT_VERSION = 3.0;
				TEST_HOST = "$(BUILT_PRODUCTS_DIR)/TacoPop.app/TacoPop";
			};
			name = Release;
		};
/* End XCBuildConfiguration section */

/* Begin XCConfigurationList section */
		2ADC6F291DF7DC66003C2452 /* Build configuration list for PBXProject "TacoPop" */ = {
			isa = XCConfigurationList;
			buildConfigurations = (
				2ADC6F491DF7DC66003C2452 /* Debug */,
				2ADC6F4A1DF7DC66003C2452 /* Release */,
			);
			defaultConfigurationIsVisible = 0;
			defaultConfigurationName = Release;
		};
		2ADC6F4B1DF7DC66003C2452 /* Build configuration list for PBXNativeTarget "TacoPop" */ = {
			isa = XCConfigurationList;
			buildConfigurations = (
				2ADC6F4C1DF7DC66003C2452 /* Debug */,
				2ADC6F4D1DF7DC66003C2452 /* Release */,
			);
			defaultConfigurationIsVisible = 0;
		};
		2ADC6F4E1DF7DC66003C2452 /* Build configuration list for PBXNativeTarget "TacoPopTests" */ = {
			isa = XCConfigurationList;
			buildConfigurations = (
				2ADC6F4F1DF7DC66003C2452 /* Debug */,
				2ADC6F501DF7DC66003C2452 /* Release */,
			);
			defaultConfigurationIsVisible = 0;
		};
/* End XCConfigurationList section */
	};
	rootObject = 2ADC6F261DF7DC65003C2452 /* Project object */;
}
